// !$*UTF8*$!
{
	archiveVersion = 1;
	classes = {
	};
	objectVersion = 50;
	objects = {

/* Begin PBXBuildFile section */
		8EDC58A222E81D380096CDC8 /* AppDelegate.swift in Sources */ = {isa = PBXBuildFile; fileRef = 8EDC58A122E81D380096CDC8 /* AppDelegate.swift */; };
		8EDC58A422E81D380096CDC8 /* ViewController.swift in Sources */ = {isa = PBXBuildFile; fileRef = 8EDC58A322E81D380096CDC8 /* ViewController.swift */; };
		8EDC58A722E81D380096CDC8 /* Main.storyboard in Resources */ = {isa = PBXBuildFile; fileRef = 8EDC58A522E81D380096CDC8 /* Main.storyboard */; };
		8EDC58A922E81D3A0096CDC8 /* Assets.xcassets in Resources */ = {isa = PBXBuildFile; fileRef = 8EDC58A822E81D3A0096CDC8 /* Assets.xcassets */; };
		8EDC58AC22E81D3A0096CDC8 /* LaunchScreen.storyboard in Resources */ = {isa = PBXBuildFile; fileRef = 8EDC58AA22E81D3A0096CDC8 /* LaunchScreen.storyboard */; };
		8EDC58B722E81D3A0096CDC8 /* pomodoroTests.swift in Sources */ = {isa = PBXBuildFile; fileRef = 8EDC58B622E81D3A0096CDC8 /* pomodoroTests.swift */; };
		8EDC58C222E81D3A0096CDC8 /* pomodoroUITests.swift in Sources */ = {isa = PBXBuildFile; fileRef = 8EDC58C122E81D3A0096CDC8 /* pomodoroUITests.swift */; };
/* End PBXBuildFile section */

/* Begin PBXContainerItemProxy section */
		8EDC58B322E81D3A0096CDC8 /* PBXContainerItemProxy */ = {
			isa = PBXContainerItemProxy;
			containerPortal = 8EDC589622E81D380096CDC8 /* Project object */;
			proxyType = 1;
			remoteGlobalIDString = 8EDC589D22E81D380096CDC8;
			remoteInfo = pomodoro;
		};
		8EDC58BE22E81D3A0096CDC8 /* PBXContainerItemProxy */ = {
			isa = PBXContainerItemProxy;
			containerPortal = 8EDC589622E81D380096CDC8 /* Project object */;
			proxyType = 1;
			remoteGlobalIDString = 8EDC589D22E81D380096CDC8;
			remoteInfo = pomodoro;
		};
/* End PBXContainerItemProxy section */

/* Begin PBXFileReference section */
		8EDC589E22E81D380096CDC8 /* pomodoro.app */ = {isa = PBXFileReference; explicitFileType = wrapper.application; includeInIndex = 0; path = pomodoro.app; sourceTree = BUILT_PRODUCTS_DIR; };
		8EDC58A122E81D380096CDC8 /* AppDelegate.swift */ = {isa = PBXFileReference; lastKnownFileType = sourcecode.swift; path = AppDelegate.swift; sourceTree = "<group>"; };
		8EDC58A322E81D380096CDC8 /* ViewController.swift */ = {isa = PBXFileReference; lastKnownFileType = sourcecode.swift; path = ViewController.swift; sourceTree = "<group>"; };
		8EDC58A622E81D380096CDC8 /* Base */ = {isa = PBXFileReference; lastKnownFileType = file.storyboard; name = Base; path = Base.lproj/Main.storyboard; sourceTree = "<group>"; };
		8EDC58A822E81D3A0096CDC8 /* Assets.xcassets */ = {isa = PBXFileReference; lastKnownFileType = folder.assetcatalog; path = Assets.xcassets; sourceTree = "<group>"; };
		8EDC58AB22E81D3A0096CDC8 /* Base */ = {isa = PBXFileReference; lastKnownFileType = file.storyboard; name = Base; path = Base.lproj/LaunchScreen.storyboard; sourceTree = "<group>"; };
		8EDC58AD22E81D3A0096CDC8 /* Info.plist */ = {isa = PBXFileReference; lastKnownFileType = text.plist.xml; path = Info.plist; sourceTree = "<group>"; };
		8EDC58B222E81D3A0096CDC8 /* pomodoroTests.xctest */ = {isa = PBXFileReference; explicitFileType = wrapper.cfbundle; includeInIndex = 0; path = pomodoroTests.xctest; sourceTree = BUILT_PRODUCTS_DIR; };
		8EDC58B622E81D3A0096CDC8 /* pomodoroTests.swift */ = {isa = PBXFileReference; lastKnownFileType = sourcecode.swift; path = pomodoroTests.swift; sourceTree = "<group>"; };
		8EDC58B822E81D3A0096CDC8 /* Info.plist */ = {isa = PBXFileReference; lastKnownFileType = text.plist.xml; path = Info.plist; sourceTree = "<group>"; };
		8EDC58BD22E81D3A0096CDC8 /* pomodoroUITests.xctest */ = {isa = PBXFileReference; explicitFileType = wrapper.cfbundle; includeInIndex = 0; path = pomodoroUITests.xctest; sourceTree = BUILT_PRODUCTS_DIR; };
		8EDC58C122E81D3A0096CDC8 /* pomodoroUITests.swift */ = {isa = PBXFileReference; lastKnownFileType = sourcecode.swift; path = pomodoroUITests.swift; sourceTree = "<group>"; };
		8EDC58C322E81D3A0096CDC8 /* Info.plist */ = {isa = PBXFileReference; lastKnownFileType = text.plist.xml; path = Info.plist; sourceTree = "<group>"; };
/* End PBXFileReference section */

/* Begin PBXFrameworksBuildPhase section */
		8EDC589B22E81D380096CDC8 /* Frameworks */ = {
			isa = PBXFrameworksBuildPhase;
			buildActionMask = 2147483647;
			files = (
			);
			runOnlyForDeploymentPostprocessing = 0;
		};
		8EDC58AF22E81D3A0096CDC8 /* Frameworks */ = {
			isa = PBXFrameworksBuildPhase;
			buildActionMask = 2147483647;
			files = (
			);
			runOnlyForDeploymentPostprocessing = 0;
		};
		8EDC58BA22E81D3A0096CDC8 /* Frameworks */ = {
			isa = PBXFrameworksBuildPhase;
			buildActionMask = 2147483647;
			files = (
			);
			runOnlyForDeploymentPostprocessing = 0;
		};
/* End PBXFrameworksBuildPhase section */

/* Begin PBXGroup section */
		8EDC589522E81D380096CDC8 = {
			isa = PBXGroup;
			children = (
				8EDC58A022E81D380096CDC8 /* pomodoro */,
				8EDC58B522E81D3A0096CDC8 /* pomodoroTests */,
				8EDC58C022E81D3A0096CDC8 /* pomodoroUITests */,
				8EDC589F22E81D380096CDC8 /* Products */,
			);
			sourceTree = "<group>";
		};
		8EDC589F22E81D380096CDC8 /* Products */ = {
			isa = PBXGroup;
			children = (
				8EDC589E22E81D380096CDC8 /* pomodoro.app */,
				8EDC58B222E81D3A0096CDC8 /* pomodoroTests.xctest */,
				8EDC58BD22E81D3A0096CDC8 /* pomodoroUITests.xctest */,
			);
			name = Products;
			sourceTree = "<group>";
		};
		8EDC58A022E81D380096CDC8 /* pomodoro */ = {
			isa = PBXGroup;
			children = (
				8EDC58A122E81D380096CDC8 /* AppDelegate.swift */,
				8EDC58A322E81D380096CDC8 /* ViewController.swift */,
				8EDC58A522E81D380096CDC8 /* Main.storyboard */,
				8EDC58A822E81D3A0096CDC8 /* Assets.xcassets */,
				8EDC58AA22E81D3A0096CDC8 /* LaunchScreen.storyboard */,
				8EDC58AD22E81D3A0096CDC8 /* Info.plist */,
			);
			path = pomodoro;
			sourceTree = "<group>";
		};
		8EDC58B522E81D3A0096CDC8 /* pomodoroTests */ = {
			isa = PBXGroup;
			children = (
				8EDC58B622E81D3A0096CDC8 /* pomodoroTests.swift */,
				8EDC58B822E81D3A0096CDC8 /* Info.plist */,
			);
			path = pomodoroTests;
			sourceTree = "<group>";
		};
		8EDC58C022E81D3A0096CDC8 /* pomodoroUITests */ = {
			isa = PBXGroup;
			children = (
				8EDC58C122E81D3A0096CDC8 /* pomodoroUITests.swift */,
				8EDC58C322E81D3A0096CDC8 /* Info.plist */,
			);
			path = pomodoroUITests;
			sourceTree = "<group>";
		};
/* End PBXGroup section */

/* Begin PBXNativeTarget section */
		8EDC589D22E81D380096CDC8 /* pomodoro */ = {
			isa = PBXNativeTarget;
			buildConfigurationList = 8EDC58C622E81D3A0096CDC8 /* Build configuration list for PBXNativeTarget "pomodoro" */;
			buildPhases = (
				8EDC589A22E81D380096CDC8 /* Sources */,
				8EDC589B22E81D380096CDC8 /* Frameworks */,
				8EDC589C22E81D380096CDC8 /* Resources */,
			);
			buildRules = (
			);
			dependencies = (
			);
			name = pomodoro;
			productName = pomodoro;
			productReference = 8EDC589E22E81D380096CDC8 /* pomodoro.app */;
			productType = "com.apple.product-type.application";
		};
		8EDC58B122E81D3A0096CDC8 /* pomodoroTests */ = {
			isa = PBXNativeTarget;
			buildConfigurationList = 8EDC58C922E81D3A0096CDC8 /* Build configuration list for PBXNativeTarget "pomodoroTests" */;
			buildPhases = (
				8EDC58AE22E81D3A0096CDC8 /* Sources */,
				8EDC58AF22E81D3A0096CDC8 /* Frameworks */,
				8EDC58B022E81D3A0096CDC8 /* Resources */,
			);
			buildRules = (
			);
			dependencies = (
				8EDC58B422E81D3A0096CDC8 /* PBXTargetDependency */,
			);
			name = pomodoroTests;
			productName = pomodoroTests;
			productReference = 8EDC58B222E81D3A0096CDC8 /* pomodoroTests.xctest */;
			productType = "com.apple.product-type.bundle.unit-test";
		};
		8EDC58BC22E81D3A0096CDC8 /* pomodoroUITests */ = {
			isa = PBXNativeTarget;
			buildConfigurationList = 8EDC58CC22E81D3A0096CDC8 /* Build configuration list for PBXNativeTarget "pomodoroUITests" */;
			buildPhases = (
				8EDC58B922E81D3A0096CDC8 /* Sources */,
				8EDC58BA22E81D3A0096CDC8 /* Frameworks */,
				8EDC58BB22E81D3A0096CDC8 /* Resources */,
			);
			buildRules = (
			);
			dependencies = (
				8EDC58BF22E81D3A0096CDC8 /* PBXTargetDependency */,
			);
			name = pomodoroUITests;
			productName = pomodoroUITests;
			productReference = 8EDC58BD22E81D3A0096CDC8 /* pomodoroUITests.xctest */;
			productType = "com.apple.product-type.bundle.ui-testing";
		};
/* End PBXNativeTarget section */

/* Begin PBXProject section */
		8EDC589622E81D380096CDC8 /* Project object */ = {
			isa = PBXProject;
			attributes = {
				LastSwiftUpdateCheck = 1030;
				LastUpgradeCheck = 1030;
				ORGANIZATIONNAME = JianShen;
				TargetAttributes = {
					8EDC589D22E81D380096CDC8 = {
						CreatedOnToolsVersion = 10.3;
					};
					8EDC58B122E81D3A0096CDC8 = {
						CreatedOnToolsVersion = 10.3;
						TestTargetID = 8EDC589D22E81D380096CDC8;
					};
					8EDC58BC22E81D3A0096CDC8 = {
						CreatedOnToolsVersion = 10.3;
						TestTargetID = 8EDC589D22E81D380096CDC8;
					};
				};
			};
			buildConfigurationList = 8EDC589922E81D380096CDC8 /* Build configuration list for PBXProject "pomodoro" */;
			compatibilityVersion = "Xcode 9.3";
			developmentRegion = en;
			hasScannedForEncodings = 0;
			knownRegions = (
				en,
				Base,
			);
			mainGroup = 8EDC589522E81D380096CDC8;
			productRefGroup = 8EDC589F22E81D380096CDC8 /* Products */;
			projectDirPath = "";
			projectRoot = "";
			targets = (
				8EDC589D22E81D380096CDC8 /* pomodoro */,
				8EDC58B122E81D3A0096CDC8 /* pomodoroTests */,
				8EDC58BC22E81D3A0096CDC8 /* pomodoroUITests */,
			);
		};
/* End PBXProject section */

/* Begin PBXResourcesBuildPhase section */
		8EDC589C22E81D380096CDC8 /* Resources */ = {
			isa = PBXResourcesBuildPhase;
			buildActionMask = 2147483647;
			files = (
				8EDC58AC22E81D3A0096CDC8 /* LaunchScreen.storyboard in Resources */,
				8EDC58A922E81D3A0096CDC8 /* Assets.xcassets in Resources */,
				8EDC58A722E81D380096CDC8 /* Main.storyboard in Resources */,
			);
			runOnlyForDeploymentPostprocessing = 0;
		};
		8EDC58B022E81D3A0096CDC8 /* Resources */ = {
			isa = PBXResourcesBuildPhase;
			buildActionMask = 2147483647;
			files = (
			);
			runOnlyForDeploymentPostprocessing = 0;
		};
		8EDC58BB22E81D3A0096CDC8 /* Resources */ = {
			isa = PBXResourcesBuildPhase;
			buildActionMask = 2147483647;
			files = (
			);
			runOnlyForDeploymentPostprocessing = 0;
		};
/* End PBXResourcesBuildPhase section */

/* Begin PBXSourcesBuildPhase section */
		8EDC589A22E81D380096CDC8 /* Sources */ = {
			isa = PBXSourcesBuildPhase;
			buildActionMask = 2147483647;
			files = (
				8EDC58A422E81D380096CDC8 /* ViewController.swift in Sources */,
				8EDC58A222E81D380096CDC8 /* AppDelegate.swift in Sources */,
			);
			runOnlyForDeploymentPostprocessing = 0;
		};
		8EDC58AE22E81D3A0096CDC8 /* Sources */ = {
			isa = PBXSourcesBuildPhase;
			buildActionMask = 2147483647;
			files = (
				8EDC58B722E81D3A0096CDC8 /* pomodoroTests.swift in Sources */,
			);
			runOnlyForDeploymentPostprocessing = 0;
		};
		8EDC58B922E81D3A0096CDC8 /* Sources */ = {
			isa = PBXSourcesBuildPhase;
			buildActionMask = 2147483647;
			files = (
				8EDC58C222E81D3A0096CDC8 /* pomodoroUITests.swift in Sources */,
			);
			runOnlyForDeploymentPostprocessing = 0;
		};
/* End PBXSourcesBuildPhase section */

/* Begin PBXTargetDependency section */
		8EDC58B422E81D3A0096CDC8 /* PBXTargetDependency */ = {
			isa = PBXTargetDependency;
			target = 8EDC589D22E81D380096CDC8 /* pomodoro */;
			targetProxy = 8EDC58B322E81D3A0096CDC8 /* PBXContainerItemProxy */;
		};
		8EDC58BF22E81D3A0096CDC8 /* PBXTargetDependency */ = {
			isa = PBXTargetDependency;
			target = 8EDC589D22E81D380096CDC8 /* pomodoro */;
			targetProxy = 8EDC58BE22E81D3A0096CDC8 /* PBXContainerItemProxy */;
		};
/* End PBXTargetDependency section */

/* Begin PBXVariantGroup section */
		8EDC58A522E81D380096CDC8 /* Main.storyboard */ = {
			isa = PBXVariantGroup;
			children = (
				8EDC58A622E81D380096CDC8 /* Base */,
			);
			name = Main.storyboard;
			sourceTree = "<group>";
		};
		8EDC58AA22E81D3A0096CDC8 /* LaunchScreen.storyboard */ = {
			isa = PBXVariantGroup;
			children = (
				8EDC58AB22E81D3A0096CDC8 /* Base */,
			);
			name = LaunchScreen.storyboard;
			sourceTree = "<group>";
		};
/* End PBXVariantGroup section */

/* Begin XCBuildConfiguration section */
		8EDC58C422E81D3A0096CDC8 /* Debug */ = {
			isa = XCBuildConfiguration;
			buildSettings = {
				ALWAYS_SEARCH_USER_PATHS = NO;
				CLANG_ANALYZER_NONNULL = YES;
				CLANG_ANALYZER_NUMBER_OBJECT_CONVERSION = YES_AGGRESSIVE;
				CLANG_CXX_LANGUAGE_STANDARD = "gnu++14";
				CLANG_CXX_LIBRARY = "libc++";
				CLANG_ENABLE_MODULES = YES;
				CLANG_ENABLE_OBJC_ARC = YES;
				CLANG_ENABLE_OBJC_WEAK = YES;
				CLANG_WARN_BLOCK_CAPTURE_AUTORELEASING = YES;
				CLANG_WARN_BOOL_CONVERSION = YES;
				CLANG_WARN_COMMA = YES;
				CLANG_WARN_CONSTANT_CONVERSION = YES;
				CLANG_WARN_DEPRECATED_OBJC_IMPLEMENTATIONS = YES;
				CLANG_WARN_DIRECT_OBJC_ISA_USAGE = YES_ERROR;
				CLANG_WARN_DOCUMENTATION_COMMENTS = YES;
				CLANG_WARN_EMPTY_BODY = YES;
				CLANG_WARN_ENUM_CONVERSION = YES;
				CLANG_WARN_INFINITE_RECURSION = YES;
				CLANG_WARN_INT_CONVERSION = YES;
				CLANG_WARN_NON_LITERAL_NULL_CONVERSION = YES;
				CLANG_WARN_OBJC_IMPLICIT_RETAIN_SELF = YES;
				CLANG_WARN_OBJC_LITERAL_CONVERSION = YES;
				CLANG_WARN_OBJC_ROOT_CLASS = YES_ERROR;
				CLANG_WARN_RANGE_LOOP_ANALYSIS = YES;
				CLANG_WARN_STRICT_PROTOTYPES = YES;
				CLANG_WARN_SUSPICIOUS_MOVE = YES;
				CLANG_WARN_UNGUARDED_AVAILABILITY = YES_AGGRESSIVE;
				CLANG_WARN_UNREACHABLE_CODE = YES;
				CLANG_WARN__DUPLICATE_METHOD_MATCH = YES;
				CODE_SIGN_IDENTITY = "iPhone Developer";
				COPY_PHASE_STRIP = NO;
				DEBUG_INFORMATION_FORMAT = dwarf;
				ENABLE_STRICT_OBJC_MSGSEND = YES;
				ENABLE_TESTABILITY = YES;
				GCC_C_LANGUAGE_STANDARD = gnu11;
				GCC_DYNAMIC_NO_PIC = NO;
				GCC_NO_COMMON_BLOCKS = YES;
				GCC_OPTIMIZATION_LEVEL = 0;
				GCC_PREPROCESSOR_DEFINITIONS = (
					"DEBUG=1",
					"$(inherited)",
				);
				GCC_WARN_64_TO_32_BIT_CONVERSION = YES;
				GCC_WARN_ABOUT_RETURN_TYPE = YES_ERROR;
				GCC_WARN_UNDECLARED_SELECTOR = YES;
				GCC_WARN_UNINITIALIZED_AUTOS = YES_AGGRESSIVE;
				GCC_WARN_UNUSED_FUNCTION = YES;
				GCC_WARN_UNUSED_VARIABLE = YES;
				IPHONEOS_DEPLOYMENT_TARGET = 12.4;
				MTL_ENABLE_DEBUG_INFO = INCLUDE_SOURCE;
				MTL_FAST_MATH = YES;
				ONLY_ACTIVE_ARCH = YES;
				SDKROOT = iphoneos;
				SWIFT_ACTIVE_COMPILATION_CONDITIONS = DEBUG;
				SWIFT_OPTIMIZATION_LEVEL = "-Onone";
			};
			name = Debug;
		};
		8EDC58C522E81D3A0096CDC8 /* Release */ = {
			isa = XCBuildConfiguration;
			buildSettings = {
				ALWAYS_SEARCH_USER_PATHS = NO;
				CLANG_ANALYZER_NONNULL = YES;
				CLANG_ANALYZER_NUMBER_OBJECT_CONVERSION = YES_AGGRESSIVE;
				CLANG_CXX_LANGUAGE_STANDARD = "gnu++14";
				CLANG_CXX_LIBRARY = "libc++";
				CLANG_ENABLE_MODULES = YES;
				CLANG_ENABLE_OBJC_ARC = YES;
				CLANG_ENABLE_OBJC_WEAK = YES;
				CLANG_WARN_BLOCK_CAPTURE_AUTORELEASING = YES;
				CLANG_WARN_BOOL_CONVERSION = YES;
				CLANG_WARN_COMMA = YES;
				CLANG_WARN_CONSTANT_CONVERSION = YES;
				CLANG_WARN_DEPRECATED_OBJC_IMPLEMENTATIONS = YES;
				CLANG_WARN_DIRECT_OBJC_ISA_USAGE = YES_ERROR;
				CLANG_WARN_DOCUMENTATION_COMMENTS = YES;
				CLANG_WARN_EMPTY_BODY = YES;
				CLANG_WARN_ENUM_CONVERSION = YES;
				CLANG_WARN_INFINITE_RECURSION = YES;
				CLANG_WARN_INT_CONVERSION = YES;
				CLANG_WARN_NON_LITERAL_NULL_CONVERSION = YES;
				CLANG_WARN_OBJC_IMPLICIT_RETAIN_SELF = YES;
				CLANG_WARN_OBJC_LITERAL_CONVERSION = YES;
				CLANG_WARN_OBJC_ROOT_CLASS = YES_ERROR;
				CLANG_WARN_RANGE_LOOP_ANALYSIS = YES;
				CLANG_WARN_STRICT_PROTOTYPES = YES;
				CLANG_WARN_SUSPICIOUS_MOVE = YES;
				CLANG_WARN_UNGUARDED_AVAILABILITY = YES_AGGRESSIVE;
				CLANG_WARN_UNREACHABLE_CODE = YES;
				CLANG_WARN__DUPLICATE_METHOD_MATCH = YES;
				CODE_SIGN_IDENTITY = "iPhone Developer";
				COPY_PHASE_STRIP = NO;
				DEBUG_INFORMATION_FORMAT = "dwarf-with-dsym";
				ENABLE_NS_ASSERTIONS = NO;
				ENABLE_STRICT_OBJC_MSGSEND = YES;
				GCC_C_LANGUAGE_STANDARD = gnu11;
				GCC_NO_COMMON_BLOCKS = YES;
				GCC_WARN_64_TO_32_BIT_CONVERSION = YES;
				GCC_WARN_ABOUT_RETURN_TYPE = YES_ERROR;
				GCC_WARN_UNDECLARED_SELECTOR = YES;
				GCC_WARN_UNINITIALIZED_AUTOS = YES_AGGRESSIVE;
				GCC_WARN_UNUSED_FUNCTION = YES;
				GCC_WARN_UNUSED_VARIABLE = YES;
				IPHONEOS_DEPLOYMENT_TARGET = 12.4;
				MTL_ENABLE_DEBUG_INFO = NO;
				MTL_FAST_MATH = YES;
				SDKROOT = iphoneos;
				SWIFT_COMPILATION_MODE = wholemodule;
				SWIFT_OPTIMIZATION_LEVEL = "-O";
				VALIDATE_PRODUCT = YES;
			};
			name = Release;
		};
		8EDC58C722E81D3A0096CDC8 /* Debug */ = {
			isa = XCBuildConfiguration;
			buildSettings = {
				ASSETCATALOG_COMPILER_APPICON_NAME = AppIcon;
				CODE_SIGN_STYLE = Automatic;
				DEVELOPMENT_TEAM = AUYLQLSPLU;
				INFOPLIST_FILE = pomodoro/Info.plist;
				LD_RUNPATH_SEARCH_PATHS = (
					"$(inherited)",
					"@executable_path/Frameworks",
				);
				PRODUCT_BUNDLE_IDENTIFIER = js.pomodoro;
				PRODUCT_NAME = "$(TARGET_NAME)";
				SWIFT_VERSION = 5.0;
				TARGETED_DEVICE_FAMILY = "1,2";
			};
			name = Debug;
		};
		8EDC58C822E81D3A0096CDC8 /* Release */ = {
			isa = XCBuildConfiguration;
			buildSettings = {
				ASSETCATALOG_COMPILER_APPICON_NAME = AppIcon;
				CODE_SIGN_STYLE = Automatic;
				DEVELOPMENT_TEAM = AUYLQLSPLU;
				INFOPLIST_FILE = pomodoro/Info.plist;
				LD_RUNPATH_SEARCH_PATHS = (
					"$(inherited)",
					"@executable_path/Frameworks",
				);
				PRODUCT_BUNDLE_IDENTIFIER = js.pomodoro;
				PRODUCT_NAME = "$(TARGET_NAME)";
				SWIFT_VERSION = 5.0;
				TARGETED_DEVICE_FAMILY = "1,2";
			};
			name = Release;
		};
		8EDC58CA22E81D3A0096CDC8 /* Debug */ = {
			isa = XCBuildConfiguration;
			buildSettings = {
				ALWAYS_EMBED_SWIFT_STANDARD_LIBRARIES = YES;
				BUNDLE_LOADER = "$(TEST_HOST)";
				CODE_SIGN_STYLE = Automatic;
				DEVELOPMENT_TEAM = AUYLQLSPLU;
				INFOPLIST_FILE = pomodoroTests/Info.plist;
				LD_RUNPATH_SEARCH_PATHS = (
					"$(inherited)",
					"@executable_path/Frameworks",
					"@loader_path/Frameworks",
				);
				PRODUCT_BUNDLE_IDENTIFIER = js.pomodoroTests;
				PRODUCT_NAME = "$(TARGET_NAME)";
				SWIFT_VERSION = 5.0;
				TARGETED_DEVICE_FAMILY = "1,2";
				TEST_HOST = "$(BUILT_PRODUCTS_DIR)/pomodoro.app/pomodoro";
			};
			name = Debug;
		};
		8EDC58CB22E81D3A0096CDC8 /* Release */ = {
			isa = XCBuildConfiguration;
			buildSettings = {
				ALWAYS_EMBED_SWIFT_STANDARD_LIBRARIES = YES;
				BUNDLE_LOADER = "$(TEST_HOST)";
				CODE_SIGN_STYLE = Automatic;
				DEVELOPMENT_TEAM = AUYLQLSPLU;
				INFOPLIST_FILE = pomodoroTests/Info.plist;
				LD_RUNPATH_SEARCH_PATHS = (
					"$(inherited)",
					"@executable_path/Frameworks",
					"@loader_path/Frameworks",
				);
				PRODUCT_BUNDLE_IDENTIFIER = js.pomodoroTests;
				PRODUCT_NAME = "$(TARGET_NAME)";
				SWIFT_VERSION = 5.0;
				TARGETED_DEVICE_FAMILY = "1,2";
				TEST_HOST = "$(BUILT_PRODUCTS_DIR)/pomodoro.app/pomodoro";
			};
			name = Release;
		};
		8EDC58CD22E81D3A0096CDC8 /* Debug */ = {
			isa = XCBuildConfiguration;
			buildSettings = {
				ALWAYS_EMBED_SWIFT_STANDARD_LIBRARIES = YES;
				CODE_SIGN_STYLE = Automatic;
				DEVELOPMENT_TEAM = AUYLQLSPLU;
				INFOPLIST_FILE = pomodoroUITests/Info.plist;
				LD_RUNPATH_SEARCH_PATHS = (
					"$(inherited)",
					"@executable_path/Frameworks",
					"@loader_path/Frameworks",
				);
				PRODUCT_BUNDLE_IDENTIFIER = js.pomodoroUITests;
				PRODUCT_NAME = "$(TARGET_NAME)";
				SWIFT_VERSION = 5.0;
				TARGETED_DEVICE_FAMILY = "1,2";
				TEST_TARGET_NAME = pomodoro;
			};
			name = Debug;
		};
		8EDC58CE22E81D3A0096CDC8 /* Release */ = {
			isa = XCBuildConfiguration;
			buildSettings = {
				ALWAYS_EMBED_SWIFT_STANDARD_LIBRARIES = YES;
				CODE_SIGN_STYLE = Automatic;
				DEVELOPMENT_TEAM = AUYLQLSPLU;
				INFOPLIST_FILE = pomodoroUITests/Info.plist;
				LD_RUNPATH_SEARCH_PATHS = (
					"$(inherited)",
					"@executable_path/Frameworks",
					"@loader_path/Frameworks",
				);
				PRODUCT_BUNDLE_IDENTIFIER = js.pomodoroUITests;
				PRODUCT_NAME = "$(TARGET_NAME)";
				SWIFT_VERSION = 5.0;
				TARGETED_DEVICE_FAMILY = "1,2";
				TEST_TARGET_NAME = pomodoro;
			};
			name = Release;
		};
/* End XCBuildConfiguration section */

/* Begin XCConfigurationList section */
		8EDC589922E81D380096CDC8 /* Build configuration list for PBXProject "pomodoro" */ = {
			isa = XCConfigurationList;
			buildConfigurations = (
				8EDC58C422E81D3A0096CDC8 /* Debug */,
				8EDC58C522E81D3A0096CDC8 /* Release */,
			);
			defaultConfigurationIsVisible = 0;
			defaultConfigurationName = Release;
		};
		8EDC58C622E81D3A0096CDC8 /* Build configuration list for PBXNativeTarget "pomodoro" */ = {
			isa = XCConfigurationList;
			buildConfigurations = (
				8EDC58C722E81D3A0096CDC8 /* Debug */,
				8EDC58C822E81D3A0096CDC8 /* Release */,
			);
			defaultConfigurationIsVisible = 0;
			defaultConfigurationName = Release;
		};
		8EDC58C922E81D3A0096CDC8 /* Build configuration list for PBXNativeTarget "pomodoroTests" */ = {
			isa = XCConfigurationList;
			buildConfigurations = (
				8EDC58CA22E81D3A0096CDC8 /* Debug */,
				8EDC58CB22E81D3A0096CDC8 /* Release */,
			);
			defaultConfigurationIsVisible = 0;
			defaultConfigurationName = Release;
		};
		8EDC58CC22E81D3A0096CDC8 /* Build configuration list for PBXNativeTarget "pomodoroUITests" */ = {
			isa = XCConfigurationList;
			buildConfigurations = (
				8EDC58CD22E81D3A0096CDC8 /* Debug */,
				8EDC58CE22E81D3A0096CDC8 /* Release */,
			);
			defaultConfigurationIsVisible = 0;
			defaultConfigurationName = Release;
		};
/* End XCConfigurationList section */
	};
	rootObject = 8EDC589622E81D380096CDC8 /* Project object */;
}
